
Microsoft Visual Studio Solution File, Format Version 12.00
# Visual Studio Version 17
VisualStudioVersion = 17.2.32516.85
MinimumVisualStudioVersion = 10.0.40219.1
Project("{FAE04EC0-301F-11D3-BF4B-00C04F79EFBC}") = "DespensaDelBarrio.Server", "DespensaDelBarrio\Server\DespensaDelBarrio.Server.csproj", "{F3A6903A-F564-4CA2-9007-E5CB9EAADFF3}"
EndProject
Project("{FAE04EC0-301F-11D3-BF4B-00C04F79EFBC}") = "DespensaDelBarrio.Client", "DespensaDelBarrio\Client\DespensaDelBarrio.Client.csproj", "{D32145AA-65B6-4B92-A6F9-75B4E8F6B492}"
EndProject
Project("{FAE04EC0-301F-11D3-BF4B-00C04F79EFBC}") = "DespensaDelBarrio.Shared", "DespensaDelBarrio\Shared\DespensaDelBarrio.Shared.csproj", "{1B0D5623-2E48-4ACC-B467-AD2851DC3833}"
EndProject
Project("{FAE04EC0-301F-11D3-BF4B-00C04F79EFBC}") = "DespensaDelBarrio.BD", "DespensaDelBarrio.BD\DespensaDelBarrio.BD.csproj", "{A7B60F92-6462-4740-878B-6080FF644306}"
EndProject
Global
	GlobalSection(SolutionConfigurationPlatforms) = preSolution
		Debug|Any CPU = Debug|Any CPU
		Release|Any CPU = Release|Any CPU
	EndGlobalSection
	GlobalSection(ProjectConfigurationPlatforms) = postSolution
		{F3A6903A-F564-4CA2-9007-E5CB9EAADFF3}.Debug|Any CPU.ActiveCfg = Debug|Any CPU
		{F3A6903A-F564-4CA2-9007-E5CB9EAADFF3}.Debug|Any CPU.Build.0 = Debug|Any CPU
		{F3A6903A-F564-4CA2-9007-E5CB9EAADFF3}.Release|Any CPU.ActiveCfg = Release|Any CPU
		{F3A6903A-F564-4CA2-9007-E5CB9EAADFF3}.Release|Any CPU.Build.0 = Release|Any CPU
		{D32145AA-65B6-4B92-A6F9-75B4E8F6B492}.Debug|Any CPU.ActiveCfg = Debug|Any CPU
		{D32145AA-65B6-4B92-A6F9-75B4E8F6B492}.Debug|Any CPU.Build.0 = Debug|Any CPU
		{D32145AA-65B6-4B92-A6F9-75B4E8F6B492}.Release|Any CPU.ActiveCfg = Release|Any CPU
		{D32145AA-65B6-4B92-A6F9-75B4E8F6B492}.Release|Any CPU.Build.0 = Release|Any CPU
		{1B0D5623-2E48-4ACC-B467-AD2851DC3833}.Debug|Any CPU.ActiveCfg = Debug|Any CPU
		{1B0D5623-2E48-4ACC-B467-AD2851DC3833}.Debug|Any CPU.Build.0 = Debug|Any CPU
		{1B0D5623-2E48-4ACC-B467-AD2851DC3833}.Release|Any CPU.ActiveCfg = Release|Any CPU
		{1B0D5623-2E48-4ACC-B467-AD2851DC3833}.Release|Any CPU.Build.0 = Release|Any CPU
		{A7B60F92-6462-4740-878B-6080FF644306}.Debug|Any CPU.ActiveCfg = Debug|Any CPU
		{A7B60F92-6462-4740-878B-6080FF644306}.Debug|Any CPU.Build.0 = Debug|Any CPU
		{A7B60F92-6462-4740-878B-6080FF644306}.Release|Any CPU.ActiveCfg = Release|Any CPU
		{A7B60F92-6462-4740-878B-6080FF644306}.Release|Any CPU.Build.0 = Release|Any CPU
	EndGlobalSection
	GlobalSection(SolutionProperties) = preSolution
		HideSolutionNode = FALSE
	EndGlobalSection
	GlobalSection(ExtensibilityGlobals) = postSolution
		SolutionGuid = {DD7C1A85-ABF8-4A91-92E6-EE1979340D97}
	EndGlobalSection
EndGlobal
